
Microsoft Visual Studio Solution File, Format Version 12.00
# Visual Studio 15
VisualStudioVersion = 15.0.26228.10
MinimumVisualStudioVersion = 10.0.40219.1
Project("{2150E333-8FDC-42A3-9474-1A3956D46DE8}") = ".paket", ".paket", "{8DE2AA93-DC3E-4F23-B520-810A1E041E1F}"
	ProjectSection(SolutionItems) = preProject
		paket.dependencies = paket.dependencies
	EndProjectSection
EndProject
Project("{FAE04EC0-301F-11D3-BF4B-00C04F79EFBC}") = "Gu.Inject", "Gu.Inject\Gu.Inject.csproj", "{8953C8E1-0819-4EB8-B10C-5286DEB0E079}"
EndProject
Project("{FAE04EC0-301F-11D3-BF4B-00C04F79EFBC}") = "Gu.Inject.Tests", "Gu.Inject.Tests\Gu.Inject.Tests.csproj", "{C30669FC-D159-488F-8FF8-BDCD4622C325}"
EndProject
Global
	GlobalSection(SolutionConfigurationPlatforms) = preSolution
		Debug|Any CPU = Debug|Any CPU
		Release|Any CPU = Release|Any CPU
	EndGlobalSection
	GlobalSection(ProjectConfigurationPlatforms) = postSolution
		{8953C8E1-0819-4EB8-B10C-5286DEB0E079}.Debug|Any CPU.ActiveCfg = Debug|Any CPU
		{8953C8E1-0819-4EB8-B10C-5286DEB0E079}.Debug|Any CPU.Build.0 = Debug|Any CPU
		{8953C8E1-0819-4EB8-B10C-5286DEB0E079}.Release|Any CPU.ActiveCfg = Release|Any CPU
		{8953C8E1-0819-4EB8-B10C-5286DEB0E079}.Release|Any CPU.Build.0 = Release|Any CPU
		{C30669FC-D159-488F-8FF8-BDCD4622C325}.Debug|Any CPU.ActiveCfg = Debug|Any CPU
		{C30669FC-D159-488F-8FF8-BDCD4622C325}.Debug|Any CPU.Build.0 = Debug|Any CPU
		{C30669FC-D159-488F-8FF8-BDCD4622C325}.Release|Any CPU.ActiveCfg = Release|Any CPU
		{C30669FC-D159-488F-8FF8-BDCD4622C325}.Release|Any CPU.Build.0 = Release|Any CPU
	EndGlobalSection
	GlobalSection(SolutionProperties) = preSolution
		HideSolutionNode = FALSE
	EndGlobalSection
EndGlobal
